
Microsoft Visual Studio Solution File, Format Version 12.00
# Visual Studio Version 17
VisualStudioVersion = 17.3.32922.545
MinimumVisualStudioVersion = 10.0.40219.1
Project("{FAE04EC0-301F-11D3-BF4B-00C04F79EFBC}") = "double_linked_list", "double_linked_list\double_linked_list.csproj", "{7A5EED51-EB0E-4EEC-9793-42E7C30DBE9B}"
EndProject
Global
	GlobalSection(SolutionConfigurationPlatforms) = preSolution
		Debug|Any CPU = Debug|Any CPU
		Release|Any CPU = Release|Any CPU
	EndGlobalSection
	GlobalSection(ProjectConfigurationPlatforms) = postSolution
		{7A5EED51-EB0E-4EEC-9793-42E7C30DBE9B}.Debug|Any CPU.ActiveCfg = Debug|Any CPU
		{7A5EED51-EB0E-4EEC-9793-42E7C30DBE9B}.Debug|Any CPU.Build.0 = Debug|Any CPU
		{7A5EED51-EB0E-4EEC-9793-42E7C30DBE9B}.Release|Any CPU.ActiveCfg = Release|Any CPU
		{7A5EED51-EB0E-4EEC-9793-42E7C30DBE9B}.Release|Any CPU.Build.0 = Release|Any CPU
	EndGlobalSection
	GlobalSection(SolutionProperties) = preSolution
		HideSolutionNode = FALSE
	EndGlobalSection
	GlobalSection(ExtensibilityGlobals) = postSolution
		SolutionGuid = {73FD8D70-A965-4573-AE1A-DAD0C4482CA6}
	EndGlobalSection
EndGlobal
